// !$*UTF8*$!
{
	archiveVersion = 1;
	classes = {
	};
	objectVersion = 50;
	objects = {

/* Begin PBXBuildFile section */
		572FA3C4249CF89900D64798 /* tArray.cpp in Sources */ = {isa = PBXBuildFile; fileRef = 572FA3C2249CF89900D64798 /* tArray.cpp */; };
		572FA3C7249E090400D64798 /* tPoint.cpp in Sources */ = {isa = PBXBuildFile; fileRef = 572FA3C5249E090400D64798 /* tPoint.cpp */; };
		573473B5249F0F18001819F4 /* tStruct.cpp in Sources */ = {isa = PBXBuildFile; fileRef = 573473B3249F0F18001819F4 /* tStruct.cpp */; };
		573473B8249F5480001819F4 /* tClass.cpp in Sources */ = {isa = PBXBuildFile; fileRef = 573473B6249F5480001819F4 /* tClass.cpp */; };
		573473BB249F550A001819F4 /* tBasic.cpp in Sources */ = {isa = PBXBuildFile; fileRef = 573473B9249F550A001819F4 /* tBasic.cpp */; };
		574EC873249CB3450089EE52 /* main.cpp in Sources */ = {isa = PBXBuildFile; fileRef = 574EC872249CB3450089EE52 /* main.cpp */; };
		57515C6624A2255A0068DAAA /* tFunc.cpp in Sources */ = {isa = PBXBuildFile; fileRef = 57515C6424A2255A0068DAAA /* tFunc.cpp */; };
/* End PBXBuildFile section */

/* Begin PBXCopyFilesBuildPhase section */
		574EC86D249CB3450089EE52 /* CopyFiles */ = {
			isa = PBXCopyFilesBuildPhase;
			buildActionMask = 2147483647;
			dstPath = /usr/share/man/man1/;
			dstSubfolderSpec = 0;
			files = (
			);
			runOnlyForDeploymentPostprocessing = 1;
		};
/* End PBXCopyFilesBuildPhase section */

/* Begin PBXFileReference section */
		572FA3C2249CF89900D64798 /* tArray.cpp */ = {isa = PBXFileReference; lastKnownFileType = sourcecode.cpp.cpp; path = tArray.cpp; sourceTree = "<group>"; };
		572FA3C3249CF89900D64798 /* tArray.hpp */ = {isa = PBXFileReference; lastKnownFileType = sourcecode.cpp.h; path = tArray.hpp; sourceTree = "<group>"; };
		572FA3C5249E090400D64798 /* tPoint.cpp */ = {isa = PBXFileReference; lastKnownFileType = sourcecode.cpp.cpp; path = tPoint.cpp; sourceTree = "<group>"; };
		572FA3C6249E090400D64798 /* tPoint.hpp */ = {isa = PBXFileReference; lastKnownFileType = sourcecode.cpp.h; path = tPoint.hpp; sourceTree = "<group>"; };
		573473B3249F0F18001819F4 /* tStruct.cpp */ = {isa = PBXFileReference; lastKnownFileType = sourcecode.cpp.cpp; path = tStruct.cpp; sourceTree = "<group>"; };
		573473B4249F0F18001819F4 /* tStruct.hpp */ = {isa = PBXFileReference; lastKnownFileType = sourcecode.cpp.h; path = tStruct.hpp; sourceTree = "<group>"; };
		573473B6249F5480001819F4 /* tClass.cpp */ = {isa = PBXFileReference; lastKnownFileType = sourcecode.cpp.cpp; path = tClass.cpp; sourceTree = "<group>"; };
		573473B7249F5480001819F4 /* tClass.hpp */ = {isa = PBXFileReference; lastKnownFileType = sourcecode.cpp.h; path = tClass.hpp; sourceTree = "<group>"; };
		573473B9249F550A001819F4 /* tBasic.cpp */ = {isa = PBXFileReference; lastKnownFileType = sourcecode.cpp.cpp; path = tBasic.cpp; sourceTree = "<group>"; };
		573473BA249F550A001819F4 /* tBasic.hpp */ = {isa = PBXFileReference; lastKnownFileType = sourcecode.cpp.h; path = tBasic.hpp; sourceTree = "<group>"; };
		574EC86F249CB3450089EE52 /* CMirrorXCode */ = {isa = PBXFileReference; explicitFileType = "compiled.mach-o.executable"; includeInIndex = 0; path = CMirrorXCode; sourceTree = BUILT_PRODUCTS_DIR; };
		574EC872249CB3450089EE52 /* main.cpp */ = {isa = PBXFileReference; lastKnownFileType = sourcecode.cpp.cpp; path = main.cpp; sourceTree = "<group>"; };
		57515C6424A2255A0068DAAA /* tFunc.cpp */ = {isa = PBXFileReference; lastKnownFileType = sourcecode.cpp.cpp; path = tFunc.cpp; sourceTree = "<group>"; };
		57515C6524A2255A0068DAAA /* tFunc.hpp */ = {isa = PBXFileReference; lastKnownFileType = sourcecode.cpp.h; path = tFunc.hpp; sourceTree = "<group>"; };
/* End PBXFileReference section */

/* Begin PBXFrameworksBuildPhase section */
		574EC86C249CB3450089EE52 /* Frameworks */ = {
			isa = PBXFrameworksBuildPhase;
			buildActionMask = 2147483647;
			files = (
			);
			runOnlyForDeploymentPostprocessing = 0;
		};
/* End PBXFrameworksBuildPhase section */

/* Begin PBXGroup section */
		574EC866249CB3450089EE52 = {
			isa = PBXGroup;
			children = (
				574EC871249CB3450089EE52 /* CMirrorXCode */,
				574EC870249CB3450089EE52 /* Products */,
			);
			sourceTree = "<group>";
		};
		574EC870249CB3450089EE52 /* Products */ = {
			isa = PBXGroup;
			children = (
				574EC86F249CB3450089EE52 /* CMirrorXCode */,
			);
			name = Products;
			sourceTree = "<group>";
		};
		574EC871249CB3450089EE52 /* CMirrorXCode */ = {
			isa = PBXGroup;
			children = (
				574EC872249CB3450089EE52 /* main.cpp */,
				572FA3C2249CF89900D64798 /* tArray.cpp */,
				572FA3C3249CF89900D64798 /* tArray.hpp */,
				572FA3C5249E090400D64798 /* tPoint.cpp */,
				572FA3C6249E090400D64798 /* tPoint.hpp */,
				573473B3249F0F18001819F4 /* tStruct.cpp */,
				573473B4249F0F18001819F4 /* tStruct.hpp */,
				573473B6249F5480001819F4 /* tClass.cpp */,
				573473B7249F5480001819F4 /* tClass.hpp */,
				573473B9249F550A001819F4 /* tBasic.cpp */,
				573473BA249F550A001819F4 /* tBasic.hpp */,
				57515C6424A2255A0068DAAA /* tFunc.cpp */,
				57515C6524A2255A0068DAAA /* tFunc.hpp */,
			);
			path = CMirrorXCode;
			sourceTree = "<group>";
		};
/* End PBXGroup section */

/* Begin PBXNativeTarget section */
		574EC86E249CB3450089EE52 /* CMirrorXCode */ = {
			isa = PBXNativeTarget;
			buildConfigurationList = 574EC876249CB3450089EE52 /* Build configuration list for PBXNativeTarget "CMirrorXCode" */;
			buildPhases = (
				574EC86B249CB3450089EE52 /* Sources */,
				574EC86C249CB3450089EE52 /* Frameworks */,
				574EC86D249CB3450089EE52 /* CopyFiles */,
			);
			buildRules = (
			);
			dependencies = (
			);
			name = CMirrorXCode;
			productName = CMirrorXCode;
			productReference = 574EC86F249CB3450089EE52 /* CMirrorXCode */;
			productType = "com.apple.product-type.tool";
		};
/* End PBXNativeTarget section */

/* Begin PBXProject section */
		574EC867249CB3450089EE52 /* Project object */ = {
			isa = PBXProject;
			attributes = {
				LastUpgradeCheck = 1020;
				ORGANIZATIONNAME = "fu qingwang";
				TargetAttributes = {
					574EC86E249CB3450089EE52 = {
						CreatedOnToolsVersion = 10.2.1;
					};
				};
			};
			buildConfigurationList = 574EC86A249CB3450089EE52 /* Build configuration list for PBXProject "CMirrorXCode" */;
			compatibilityVersion = "Xcode 9.3";
			developmentRegion = en;
			hasScannedForEncodings = 0;
			knownRegions = (
				en,
			);
			mainGroup = 574EC866249CB3450089EE52;
			productRefGroup = 574EC870249CB3450089EE52 /* Products */;
			projectDirPath = "";
			projectRoot = "";
			targets = (
				574EC86E249CB3450089EE52 /* CMirrorXCode */,
			);
		};
/* End PBXProject section */

/* Begin PBXSourcesBuildPhase section */
		574EC86B249CB3450089EE52 /* Sources */ = {
			isa = PBXSourcesBuildPhase;
			buildActionMask = 2147483647;
			files = (
				57515C6624A2255A0068DAAA /* tFunc.cpp in Sources */,
				573473B8249F5480001819F4 /* tClass.cpp in Sources */,
				573473B5249F0F18001819F4 /* tStruct.cpp in Sources */,
				572FA3C7249E090400D64798 /* tPoint.cpp in Sources */,
				573473BB249F550A001819F4 /* tBasic.cpp in Sources */,
				572FA3C4249CF89900D64798 /* tArray.cpp in Sources */,
				574EC873249CB3450089EE52 /* main.cpp in Sources */,
			);
			runOnlyForDeploymentPostprocessing = 0;
		};
/* End PBXSourcesBuildPhase section */

/* Begin XCBuildConfiguration section */
		574EC874249CB3450089EE52 /* Debug */ = {
			isa = XCBuildConfiguration;
			buildSettings = {
				ALWAYS_SEARCH_USER_PATHS = NO;
				CLANG_ANALYZER_NONNULL = YES;
				CLANG_ANALYZER_NUMBER_OBJECT_CONVERSION = YES_AGGRESSIVE;
				CLANG_CXX_LANGUAGE_STANDARD = "gnu++14";
				CLANG_CXX_LIBRARY = "libc++";
				CLANG_ENABLE_MODULES = YES;
				CLANG_ENABLE_OBJC_ARC = YES;
				CLANG_ENABLE_OBJC_WEAK = YES;
				CLANG_WARN_BLOCK_CAPTURE_AUTORELEASING = YES;
				CLANG_WARN_BOOL_CONVERSION = YES;
				CLANG_WARN_COMMA = YES;
				CLANG_WARN_CONSTANT_CONVERSION = YES;
				CLANG_WARN_DEPRECATED_OBJC_IMPLEMENTATIONS = YES;
				CLANG_WARN_DIRECT_OBJC_ISA_USAGE = YES_ERROR;
				CLANG_WARN_DOCUMENTATION_COMMENTS = YES;
				CLANG_WARN_EMPTY_BODY = YES;
				CLANG_WARN_ENUM_CONVERSION = YES;
				CLANG_WARN_INFINITE_RECURSION = YES;
				CLANG_WARN_INT_CONVERSION = YES;
				CLANG_WARN_NON_LITERAL_NULL_CONVERSION = YES;
				CLANG_WARN_OBJC_IMPLICIT_RETAIN_SELF = YES;
				CLANG_WARN_OBJC_LITERAL_CONVERSION = YES;
				CLANG_WARN_OBJC_ROOT_CLASS = YES_ERROR;
				CLANG_WARN_RANGE_LOOP_ANALYSIS = YES;
				CLANG_WARN_STRICT_PROTOTYPES = YES;
				CLANG_WARN_SUSPICIOUS_MOVE = YES;
				CLANG_WARN_UNGUARDED_AVAILABILITY = YES_AGGRESSIVE;
				CLANG_WARN_UNREACHABLE_CODE = YES;
				CLANG_WARN__DUPLICATE_METHOD_MATCH = YES;
				CODE_SIGN_IDENTITY = "Mac Developer";
				COPY_PHASE_STRIP = NO;
				DEBUG_INFORMATION_FORMAT = dwarf;
				ENABLE_STRICT_OBJC_MSGSEND = YES;
				ENABLE_TESTABILITY = YES;
				GCC_C_LANGUAGE_STANDARD = gnu11;
				GCC_DYNAMIC_NO_PIC = NO;
				GCC_NO_COMMON_BLOCKS = YES;
				GCC_OPTIMIZATION_LEVEL = 0;
				GCC_PREPROCESSOR_DEFINITIONS = (
					"DEBUG=1",
					"$(inherited)",
				);
				GCC_WARN_64_TO_32_BIT_CONVERSION = YES;
				GCC_WARN_ABOUT_RETURN_TYPE = YES_ERROR;
				GCC_WARN_UNDECLARED_SELECTOR = YES;
				GCC_WARN_UNINITIALIZED_AUTOS = YES_AGGRESSIVE;
				GCC_WARN_UNUSED_FUNCTION = YES;
				GCC_WARN_UNUSED_VARIABLE = YES;
				MACOSX_DEPLOYMENT_TARGET = 10.14;
				MTL_ENABLE_DEBUG_INFO = INCLUDE_SOURCE;
				MTL_FAST_MATH = YES;
				ONLY_ACTIVE_ARCH = YES;
				SDKROOT = macosx;
			};
			name = Debug;
		};
		574EC875249CB3450089EE52 /* Release */ = {
			isa = XCBuildConfiguration;
			buildSettings = {
				ALWAYS_SEARCH_USER_PATHS = NO;
				CLANG_ANALYZER_NONNULL = YES;
				CLANG_ANALYZER_NUMBER_OBJECT_CONVERSION = YES_AGGRESSIVE;
				CLANG_CXX_LANGUAGE_STANDARD = "gnu++14";
				CLANG_CXX_LIBRARY = "libc++";
				CLANG_ENABLE_MODULES = YES;
				CLANG_ENABLE_OBJC_ARC = YES;
				CLANG_ENABLE_OBJC_WEAK = YES;
				CLANG_WARN_BLOCK_CAPTURE_AUTORELEASING = YES;
				CLANG_WARN_BOOL_CONVERSION = YES;
				CLANG_WARN_COMMA = YES;
				CLANG_WARN_CONSTANT_CONVERSION = YES;
				CLANG_WARN_DEPRECATED_OBJC_IMPLEMENTATIONS = YES;
				CLANG_WARN_DIRECT_OBJC_ISA_USAGE = YES_ERROR;
				CLANG_WARN_DOCUMENTATION_COMMENTS = YES;
				CLANG_WARN_EMPTY_BODY = YES;
				CLANG_WARN_ENUM_CONVERSION = YES;
				CLANG_WARN_INFINITE_RECURSION = YES;
				CLANG_WARN_INT_CONVERSION = YES;
				CLANG_WARN_NON_LITERAL_NULL_CONVERSION = YES;
				CLANG_WARN_OBJC_IMPLICIT_RETAIN_SELF = YES;
				CLANG_WARN_OBJC_LITERAL_CONVERSION = YES;
				CLANG_WARN_OBJC_ROOT_CLASS = YES_ERROR;
				CLANG_WARN_RANGE_LOOP_ANALYSIS = YES;
				CLANG_WARN_STRICT_PROTOTYPES = YES;
				CLANG_WARN_SUSPICIOUS_MOVE = YES;
				CLANG_WARN_UNGUARDED_AVAILABILITY = YES_AGGRESSIVE;
				CLANG_WARN_UNREACHABLE_CODE = YES;
				CLANG_WARN__DUPLICATE_METHOD_MATCH = YES;
				CODE_SIGN_IDENTITY = "Mac Developer";
				COPY_PHASE_STRIP = NO;
				DEBUG_INFORMATION_FORMAT = "dwarf-with-dsym";
				ENABLE_NS_ASSERTIONS = NO;
				ENABLE_STRICT_OBJC_MSGSEND = YES;
				GCC_C_LANGUAGE_STANDARD = gnu11;
				GCC_NO_COMMON_BLOCKS = YES;
				GCC_WARN_64_TO_32_BIT_CONVERSION = YES;
				GCC_WARN_ABOUT_RETURN_TYPE = YES_ERROR;
				GCC_WARN_UNDECLARED_SELECTOR = YES;
				GCC_WARN_UNINITIALIZED_AUTOS = YES_AGGRESSIVE;
				GCC_WARN_UNUSED_FUNCTION = YES;
				GCC_WARN_UNUSED_VARIABLE = YES;
				MACOSX_DEPLOYMENT_TARGET = 10.14;
				MTL_ENABLE_DEBUG_INFO = NO;
				MTL_FAST_MATH = YES;
				SDKROOT = macosx;
			};
			name = Release;
		};
		574EC877249CB3450089EE52 /* Debug */ = {
			isa = XCBuildConfiguration;
			buildSettings = {
				CODE_SIGN_STYLE = Automatic;
				DEVELOPMENT_TEAM = KXK8289M32;
				PRODUCT_NAME = "$(TARGET_NAME)";
			};
			name = Debug;
		};
		574EC878249CB3450089EE52 /* Release */ = {
			isa = XCBuildConfiguration;
			buildSettings = {
				CODE_SIGN_STYLE = Automatic;
				DEVELOPMENT_TEAM = KXK8289M32;
				PRODUCT_NAME = "$(TARGET_NAME)";
			};
			name = Release;
		};
/* End XCBuildConfiguration section */

/* Begin XCConfigurationList section */
		574EC86A249CB3450089EE52 /* Build configuration list for PBXProject "CMirrorXCode" */ = {
			isa = XCConfigurationList;
			buildConfigurations = (
				574EC874249CB3450089EE52 /* Debug */,
				574EC875249CB3450089EE52 /* Release */,
			);
			defaultConfigurationIsVisible = 0;
			defaultConfigurationName = Release;
		};
		574EC876249CB3450089EE52 /* Build configuration list for PBXNativeTarget "CMirrorXCode" */ = {
			isa = XCConfigurationList;
			buildConfigurations = (
				574EC877249CB3450089EE52 /* Debug */,
				574EC878249CB3450089EE52 /* Release */,
			);
			defaultConfigurationIsVisible = 0;
			defaultConfigurationName = Release;
		};
/* End XCConfigurationList section */
	};
	rootObject = 574EC867249CB3450089EE52 /* Project object */;
}
